// !$*UTF8*$!
{
	archiveVersion = 1;
	classes = {
	};
	objectVersion = 46;
	objects = {

/* Begin PBXBuildFile section */
		A02523F51CD3BAD1003C789B /* AppDelegate.swift in Sources */ = {isa = PBXBuildFile; fileRef = A02523F41CD3BAD1003C789B /* AppDelegate.swift */; };
		A02523F71CD3BAD1003C789B /* ViewController.swift in Sources */ = {isa = PBXBuildFile; fileRef = A02523F61CD3BAD1003C789B /* ViewController.swift */; };
		A02523FA1CD3BAD1003C789B /* Main.storyboard in Resources */ = {isa = PBXBuildFile; fileRef = A02523F81CD3BAD1003C789B /* Main.storyboard */; };
		A02523FC1CD3BAD1003C789B /* Assets.xcassets in Resources */ = {isa = PBXBuildFile; fileRef = A02523FB1CD3BAD1003C789B /* Assets.xcassets */; };
		A02523FF1CD3BAD1003C789B /* LaunchScreen.storyboard in Resources */ = {isa = PBXBuildFile; fileRef = A02523FD1CD3BAD1003C789B /* LaunchScreen.storyboard */; };
		A025240A1CD3BAD1003C789B /* FlashlightTests.swift in Sources */ = {isa = PBXBuildFile; fileRef = A02524091CD3BAD1003C789B /* FlashlightTests.swift */; };
/* End PBXBuildFile section */

/* Begin PBXContainerItemProxy section */
		A02524061CD3BAD1003C789B /* PBXContainerItemProxy */ = {
			isa = PBXContainerItemProxy;
			containerPortal = A02523E91CD3BAD1003C789B /* Project object */;
			proxyType = 1;
			remoteGlobalIDString = A02523F01CD3BAD1003C789B;
			remoteInfo = Flashlight;
		};
/* End PBXContainerItemProxy section */

/* Begin PBXFileReference section */
		A02523F11CD3BAD1003C789B /* Flashlight.app */ = {isa = PBXFileReference; explicitFileType = wrapper.application; includeInIndex = 0; path = Flashlight.app; sourceTree = BUILT_PRODUCTS_DIR; };
		A02523F41CD3BAD1003C789B /* AppDelegate.swift */ = {isa = PBXFileReference; lastKnownFileType = sourcecode.swift; path = AppDelegate.swift; sourceTree = "<group>"; };
		A02523F61CD3BAD1003C789B /* ViewController.swift */ = {isa = PBXFileReference; lastKnownFileType = sourcecode.swift; path = ViewController.swift; sourceTree = "<group>"; };
		A02523F91CD3BAD1003C789B /* Base */ = {isa = PBXFileReference; lastKnownFileType = file.storyboard; name = Base; path = Base.lproj/Main.storyboard; sourceTree = "<group>"; };
		A02523FB1CD3BAD1003C789B /* Assets.xcassets */ = {isa = PBXFileReference; lastKnownFileType = folder.assetcatalog; path = Assets.xcassets; sourceTree = "<group>"; };
		A02523FE1CD3BAD1003C789B /* Base */ = {isa = PBXFileReference; lastKnownFileType = file.storyboard; name = Base; path = Base.lproj/LaunchScreen.storyboard; sourceTree = "<group>"; };
		A02524001CD3BAD1003C789B /* Info.plist */ = {isa = PBXFileReference; lastKnownFileType = text.plist.xml; path = Info.plist; sourceTree = "<group>"; };
		A02524051CD3BAD1003C789B /* FlashlightTests.xctest */ = {isa = PBXFileReference; explicitFileType = wrapper.cfbundle; includeInIndex = 0; path = FlashlightTests.xctest; sourceTree = BUILT_PRODUCTS_DIR; };
		A02524091CD3BAD1003C789B /* FlashlightTests.swift */ = {isa = PBXFileReference; lastKnownFileType = sourcecode.swift; path = FlashlightTests.swift; sourceTree = "<group>"; };
		A025240B1CD3BAD1003C789B /* Info.plist */ = {isa = PBXFileReference; lastKnownFileType = text.plist.xml; path = Info.plist; sourceTree = "<group>"; };
/* End PBXFileReference section */

/* Begin PBXFrameworksBuildPhase section */
		A02523EE1CD3BAD1003C789B /* Frameworks */ = {
			isa = PBXFrameworksBuildPhase;
			buildActionMask = 2147483647;
			files = (
			);
			runOnlyForDeploymentPostprocessing = 0;
		};
		A02524021CD3BAD1003C789B /* Frameworks */ = {
			isa = PBXFrameworksBuildPhase;
			buildActionMask = 2147483647;
			files = (
			);
			runOnlyForDeploymentPostprocessing = 0;
		};
/* End PBXFrameworksBuildPhase section */

/* Begin PBXGroup section */
		A02523E81CD3BAD1003C789B = {
			isa = PBXGroup;
			children = (
				A02523F31CD3BAD1003C789B /* Flashlight */,
				A02524081CD3BAD1003C789B /* FlashlightTests */,
				A02523F21CD3BAD1003C789B /* Products */,
			);
			sourceTree = "<group>";
		};
		A02523F21CD3BAD1003C789B /* Products */ = {
			isa = PBXGroup;
			children = (
				A02523F11CD3BAD1003C789B /* Flashlight.app */,
				A02524051CD3BAD1003C789B /* FlashlightTests.xctest */,
			);
			name = Products;
			sourceTree = "<group>";
		};
		A02523F31CD3BAD1003C789B /* Flashlight */ = {
			isa = PBXGroup;
			children = (
				A02523F41CD3BAD1003C789B /* AppDelegate.swift */,
				A02523F61CD3BAD1003C789B /* ViewController.swift */,
				A02523F81CD3BAD1003C789B /* Main.storyboard */,
				A02523FB1CD3BAD1003C789B /* Assets.xcassets */,
				A02523FD1CD3BAD1003C789B /* LaunchScreen.storyboard */,
				A02524001CD3BAD1003C789B /* Info.plist */,
			);
			path = Flashlight;
			sourceTree = "<group>";
		};
		A02524081CD3BAD1003C789B /* FlashlightTests */ = {
			isa = PBXGroup;
			children = (
				A02524091CD3BAD1003C789B /* FlashlightTests.swift */,
				A025240B1CD3BAD1003C789B /* Info.plist */,
			);
			path = FlashlightTests;
			sourceTree = "<group>";
		};
/* End PBXGroup section */

/* Begin PBXNativeTarget section */
		A02523F01CD3BAD1003C789B /* Flashlight */ = {
			isa = PBXNativeTarget;
			buildConfigurationList = A025240E1CD3BAD1003C789B /* Build configuration list for PBXNativeTarget "Flashlight" */;
			buildPhases = (
				A02523ED1CD3BAD1003C789B /* Sources */,
				A02523EE1CD3BAD1003C789B /* Frameworks */,
				A02523EF1CD3BAD1003C789B /* Resources */,
			);
			buildRules = (
			);
			dependencies = (
			);
			name = Flashlight;
			productName = Flashlight;
			productReference = A02523F11CD3BAD1003C789B /* Flashlight.app */;
			productType = "com.apple.product-type.application";
		};
		A02524041CD3BAD1003C789B /* FlashlightTests */ = {
			isa = PBXNativeTarget;
			buildConfigurationList = A02524111CD3BAD1003C789B /* Build configuration list for PBXNativeTarget "FlashlightTests" */;
			buildPhases = (
				A02524011CD3BAD1003C789B /* Sources */,
				A02524021CD3BAD1003C789B /* Frameworks */,
				A02524031CD3BAD1003C789B /* Resources */,
			);
			buildRules = (
			);
			dependencies = (
				A02524071CD3BAD1003C789B /* PBXTargetDependency */,
			);
			name = FlashlightTests;
			productName = FlashlightTests;
			productReference = A02524051CD3BAD1003C789B /* FlashlightTests.xctest */;
			productType = "com.apple.product-type.bundle.unit-test";
		};
/* End PBXNativeTarget section */

/* Begin PBXProject section */
		A02523E91CD3BAD1003C789B /* Project object */ = {
			isa = PBXProject;
			attributes = {
				LastSwiftUpdateCheck = 0730;
				LastUpgradeCheck = 0730;
				ORGANIZATIONNAME = "Ryan Walsh";
				TargetAttributes = {
					A02523F01CD3BAD1003C789B = {
						CreatedOnToolsVersion = 7.3;
					};
					A02524041CD3BAD1003C789B = {
						CreatedOnToolsVersion = 7.3;
						TestTargetID = A02523F01CD3BAD1003C789B;
					};
				};
			};
			buildConfigurationList = A02523EC1CD3BAD1003C789B /* Build configuration list for PBXProject "Flashlight" */;
			compatibilityVersion = "Xcode 3.2";
			developmentRegion = English;
			hasScannedForEncodings = 0;
			knownRegions = (
				en,
				Base,
			);
			mainGroup = A02523E81CD3BAD1003C789B;
			productRefGroup = A02523F21CD3BAD1003C789B /* Products */;
			projectDirPath = "";
			projectRoot = "";
			targets = (
				A02523F01CD3BAD1003C789B /* Flashlight */,
				A02524041CD3BAD1003C789B /* FlashlightTests */,
			);
		};
/* End PBXProject section */

/* Begin PBXResourcesBuildPhase section */
		A02523EF1CD3BAD1003C789B /* Resources */ = {
			isa = PBXResourcesBuildPhase;
			buildActionMask = 2147483647;
			files = (
				A02523FF1CD3BAD1003C789B /* LaunchScreen.storyboard in Resources */,
				A02523FC1CD3BAD1003C789B /* Assets.xcassets in Resources */,
				A02523FA1CD3BAD1003C789B /* Main.storyboard in Resources */,
			);
			runOnlyForDeploymentPostprocessing = 0;
		};
		A02524031CD3BAD1003C789B /* Resources */ = {
			isa = PBXResourcesBuildPhase;
			buildActionMask = 2147483647;
			files = (
			);
			runOnlyForDeploymentPostprocessing = 0;
		};
/* End PBXResourcesBuildPhase section */

/* Begin PBXSourcesBuildPhase section */
		A02523ED1CD3BAD1003C789B /* Sources */ = {
			isa = PBXSourcesBuildPhase;
			buildActionMask = 2147483647;
			files = (
				A02523F71CD3BAD1003C789B /* ViewController.swift in Sources */,
				A02523F51CD3BAD1003C789B /* AppDelegate.swift in Sources */,
			);
			runOnlyForDeploymentPostprocessing = 0;
		};
		A02524011CD3BAD1003C789B /* Sources */ = {
			isa = PBXSourcesBuildPhase;
			buildActionMask = 2147483647;
			files = (
				A025240A1CD3BAD1003C789B /* FlashlightTests.swift in Sources */,
			);
			runOnlyForDeploymentPostprocessing = 0;
		};
/* End PBXSourcesBuildPhase section */

/* Begin PBXTargetDependency section */
		A02524071CD3BAD1003C789B /* PBXTargetDependency */ = {
			isa = PBXTargetDependency;
			target = A02523F01CD3BAD1003C789B /* Flashlight */;
			targetProxy = A02524061CD3BAD1003C789B /* PBXContainerItemProxy */;
		};
/* End PBXTargetDependency section */

/* Begin PBXVariantGroup section */
		A02523F81CD3BAD1003C789B /* Main.storyboard */ = {
			isa = PBXVariantGroup;
			children = (
				A02523F91CD3BAD1003C789B /* Base */,
			);
			name = Main.storyboard;
			sourceTree = "<group>";
		};
		A02523FD1CD3BAD1003C789B /* LaunchScreen.storyboard */ = {
			isa = PBXVariantGroup;
			children = (
				A02523FE1CD3BAD1003C789B /* Base */,
			);
			name = LaunchScreen.storyboard;
			sourceTree = "<group>";
		};
/* End PBXVariantGroup section */

/* Begin XCBuildConfiguration section */
		A025240C1CD3BAD1003C789B /* Debug */ = {
			isa = XCBuildConfiguration;
			buildSettings = {
				ALWAYS_SEARCH_USER_PATHS = NO;
				CLANG_ANALYZER_NONNULL = YES;
				CLANG_CXX_LANGUAGE_STANDARD = "gnu++0x";
				CLANG_CXX_LIBRARY = "libc++";
				CLANG_ENABLE_MODULES = YES;
				CLANG_ENABLE_OBJC_ARC = YES;
				CLANG_WARN_BOOL_CONVERSION = YES;
				CLANG_WARN_CONSTANT_CONVERSION = YES;
				CLANG_WARN_DIRECT_OBJC_ISA_USAGE = YES_ERROR;
				CLANG_WARN_EMPTY_BODY = YES;
				CLANG_WARN_ENUM_CONVERSION = YES;
				CLANG_WARN_INT_CONVERSION = YES;
				CLANG_WARN_OBJC_ROOT_CLASS = YES_ERROR;
				CLANG_WARN_UNREACHABLE_CODE = YES;
				CLANG_WARN__DUPLICATE_METHOD_MATCH = YES;
				"CODE_SIGN_IDENTITY[sdk=iphoneos*]" = "iPhone Developer";
				COPY_PHASE_STRIP = NO;
				DEBUG_INFORMATION_FORMAT = dwarf;
				ENABLE_STRICT_OBJC_MSGSEND = YES;
				ENABLE_TESTABILITY = YES;
				GCC_C_LANGUAGE_STANDARD = gnu99;
				GCC_DYNAMIC_NO_PIC = NO;
				GCC_NO_COMMON_BLOCKS = YES;
				GCC_OPTIMIZATION_LEVEL = 0;
				GCC_PREPROCESSOR_DEFINITIONS = (
					"DEBUG=1",
					"$(inherited)",
				);
				GCC_WARN_64_TO_32_BIT_CONVERSION = YES;
				GCC_WARN_ABOUT_RETURN_TYPE = YES_ERROR;
				GCC_WARN_UNDECLARED_SELECTOR = YES;
				GCC_WARN_UNINITIALIZED_AUTOS = YES_AGGRESSIVE;
				GCC_WARN_UNUSED_FUNCTION = YES;
				GCC_WARN_UNUSED_VARIABLE = YES;
				IPHONEOS_DEPLOYMENT_TARGET = 9.3;
				MTL_ENABLE_DEBUG_INFO = YES;
				ONLY_ACTIVE_ARCH = YES;
				SDKROOT = iphoneos;
				SWIFT_OPTIMIZATION_LEVEL = "-Onone";
			};
			name = Debug;
		};
		A025240D1CD3BAD1003C789B /* Release */ = {
			isa = XCBuildConfiguration;
			buildSettings = {
				ALWAYS_SEARCH_USER_PATHS = NO;
				CLANG_ANALYZER_NONNULL = YES;
				CLANG_CXX_LANGUAGE_STANDARD = "gnu++0x";
				CLANG_CXX_LIBRARY = "libc++";
				CLANG_ENABLE_MODULES = YES;
				CLANG_ENABLE_OBJC_ARC = YES;
				CLANG_WARN_BOOL_CONVERSION = YES;
				CLANG_WARN_CONSTANT_CONVERSION = YES;
				CLANG_WARN_DIRECT_OBJC_ISA_USAGE = YES_ERROR;
				CLANG_WARN_EMPTY_BODY = YES;
				CLANG_WARN_ENUM_CONVERSION = YES;
				CLANG_WARN_INT_CONVERSION = YES;
				CLANG_WARN_OBJC_ROOT_CLASS = YES_ERROR;
				CLANG_WARN_UNREACHABLE_CODE = YES;
				CLANG_WARN__DUPLICATE_METHOD_MATCH = YES;
				"CODE_SIGN_IDENTITY[sdk=iphoneos*]" = "iPhone Developer";
				COPY_PHASE_STRIP = NO;
				DEBUG_INFORMATION_FORMAT = "dwarf-with-dsym";
				ENABLE_NS_ASSERTIONS = NO;
				ENABLE_STRICT_OBJC_MSGSEND = YES;
				GCC_C_LANGUAGE_STANDARD = gnu99;
				GCC_NO_COMMON_BLOCKS = YES;
				GCC_WARN_64_TO_32_BIT_CONVERSION = YES;
				GCC_WARN_ABOUT_RETURN_TYPE = YES_ERROR;
				GCC_WARN_UNDECLARED_SELECTOR = YES;
				GCC_WARN_UNINITIALIZED_AUTOS = YES_AGGRESSIVE;
				GCC_WARN_UNUSED_FUNCTION = YES;
				GCC_WARN_UNUSED_VARIABLE = YES;
				IPHONEOS_DEPLOYMENT_TARGET = 9.3;
				MTL_ENABLE_DEBUG_INFO = NO;
				SDKROOT = iphoneos;
				VALIDATE_PRODUCT = YES;
			};
			name = Release;
		};
		A025240F1CD3BAD1003C789B /* Debug */ = {
			isa = XCBuildConfiguration;
			buildSettings = {
				ASSETCATALOG_COMPILER_APPICON_NAME = AppIcon;
				INFOPLIST_FILE = Flashlight/Info.plist;
				LD_RUNPATH_SEARCH_PATHS = "$(inherited) @executable_path/Frameworks";
				PRODUCT_BUNDLE_IDENTIFIER = devmountain.rwalsh.Flashlight;
				PRODUCT_NAME = "$(TARGET_NAME)";
			};
			name = Debug;
		};
		A02524101CD3BAD1003C789B /* Release */ = {
			isa = XCBuildConfiguration;
			buildSettings = {
				ASSETCATALOG_COMPILER_APPICON_NAME = AppIcon;
				INFOPLIST_FILE = Flashlight/Info.plist;
				LD_RUNPATH_SEARCH_PATHS = "$(inherited) @executable_path/Frameworks";
				PRODUCT_BUNDLE_IDENTIFIER = devmountain.rwalsh.Flashlight;
				PRODUCT_NAME = "$(TARGET_NAME)";
			};
			name = Release;
		};
		A02524121CD3BAD1003C789B /* Debug */ = {
			isa = XCBuildConfiguration;
			buildSettings = {
				BUNDLE_LOADER = "$(TEST_HOST)";
				INFOPLIST_FILE = FlashlightTests/Info.plist;
				LD_RUNPATH_SEARCH_PATHS = "$(inherited) @executable_path/Frameworks @loader_path/Frameworks";
				PRODUCT_BUNDLE_IDENTIFIER = devmountain.rwalsh.FlashlightTests;
				PRODUCT_NAME = "$(TARGET_NAME)";
				TEST_HOST = "$(BUILT_PRODUCTS_DIR)/Flashlight.app/Flashlight";
			};
			name = Debug;
		};
		A02524131CD3BAD1003C789B /* Release */ = {
			isa = XCBuildConfiguration;
			buildSettings = {
				BUNDLE_LOADER = "$(TEST_HOST)";
				INFOPLIST_FILE = FlashlightTests/Info.plist;
				LD_RUNPATH_SEARCH_PATHS = "$(inherited) @executable_path/Frameworks @loader_path/Frameworks";
				PRODUCT_BUNDLE_IDENTIFIER = devmountain.rwalsh.FlashlightTests;
				PRODUCT_NAME = "$(TARGET_NAME)";
				TEST_HOST = "$(BUILT_PRODUCTS_DIR)/Flashlight.app/Flashlight";
			};
			name = Release;
		};
/* End XCBuildConfiguration section */

/* Begin XCConfigurationList section */
		A02523EC1CD3BAD1003C789B /* Build configuration list for PBXProject "Flashlight" */ = {
			isa = XCConfigurationList;
			buildConfigurations = (
				A025240C1CD3BAD1003C789B /* Debug */,
				A025240D1CD3BAD1003C789B /* Release */,
			);
			defaultConfigurationIsVisible = 0;
			defaultConfigurationName = Release;
		};
		A025240E1CD3BAD1003C789B /* Build configuration list for PBXNativeTarget "Flashlight" */ = {
			isa = XCConfigurationList;
			buildConfigurations = (
				A025240F1CD3BAD1003C789B /* Debug */,
				A02524101CD3BAD1003C789B /* Release */,
			);
			defaultConfigurationIsVisible = 0;
		};
		A02524111CD3BAD1003C789B /* Build configuration list for PBXNativeTarget "FlashlightTests" */ = {
			isa = XCConfigurationList;
			buildConfigurations = (
				A02524121CD3BAD1003C789B /* Debug */,
				A02524131CD3BAD1003C789B /* Release */,
			);
			defaultConfigurationIsVisible = 0;
		};
/* End XCConfigurationList section */
	};
	rootObject = A02523E91CD3BAD1003C789B /* Project object */;
}
